
Microsoft Visual Studio Solution File, Format Version 12.00
# Visual Studio 15
VisualStudioVersion = 15.0.28307.489
MinimumVisualStudioVersion = 10.0.40219.1
Project("{9A19103F-16F7-4668-BE54-9A1E7A4F7556}") = "Samples.Domain", "Samples.Domain\Samples.Domain.csproj", "{65C33D42-5210-4A0E-8045-A6D7B71B942B}"
EndProject
Project("{9A19103F-16F7-4668-BE54-9A1E7A4F7556}") = "Samples.Events", "Samples.Events\Samples.Events.csproj", "{9239615B-5C3B-4ACC-BB30-D9EC20D81AF2}"
EndProject
Project("{9A19103F-16F7-4668-BE54-9A1E7A4F7556}") = "Samples.Persistence", "Samples.Persistence\Samples.Persistence.csproj", "{A5CC2393-3DB6-47B5-A285-335F0D0A752E}"
EndProject
Project("{9A19103F-16F7-4668-BE54-9A1E7A4F7556}") = "Samples.WebApp", "Samples.WebApp\Samples.WebApp.csproj", "{545E43B2-2E01-4CE2-9257-9C46B09E3057}"
EndProject
Global
	GlobalSection(SolutionConfigurationPlatforms) = preSolution
		Debug|Any CPU = Debug|Any CPU
		Release|Any CPU = Release|Any CPU
	EndGlobalSection
	GlobalSection(ProjectConfigurationPlatforms) = postSolution
		{65C33D42-5210-4A0E-8045-A6D7B71B942B}.Debug|Any CPU.ActiveCfg = Debug|Any CPU
		{65C33D42-5210-4A0E-8045-A6D7B71B942B}.Debug|Any CPU.Build.0 = Debug|Any CPU
		{65C33D42-5210-4A0E-8045-A6D7B71B942B}.Release|Any CPU.ActiveCfg = Release|Any CPU
		{65C33D42-5210-4A0E-8045-A6D7B71B942B}.Release|Any CPU.Build.0 = Release|Any CPU
		{9239615B-5C3B-4ACC-BB30-D9EC20D81AF2}.Debug|Any CPU.ActiveCfg = Debug|Any CPU
		{9239615B-5C3B-4ACC-BB30-D9EC20D81AF2}.Debug|Any CPU.Build.0 = Debug|Any CPU
		{9239615B-5C3B-4ACC-BB30-D9EC20D81AF2}.Release|Any CPU.ActiveCfg = Release|Any CPU
		{9239615B-5C3B-4ACC-BB30-D9EC20D81AF2}.Release|Any CPU.Build.0 = Release|Any CPU
		{A5CC2393-3DB6-47B5-A285-335F0D0A752E}.Debug|Any CPU.ActiveCfg = Debug|Any CPU
		{A5CC2393-3DB6-47B5-A285-335F0D0A752E}.Debug|Any CPU.Build.0 = Debug|Any CPU
		{A5CC2393-3DB6-47B5-A285-335F0D0A752E}.Release|Any CPU.ActiveCfg = Release|Any CPU
		{A5CC2393-3DB6-47B5-A285-335F0D0A752E}.Release|Any CPU.Build.0 = Release|Any CPU
		{545E43B2-2E01-4CE2-9257-9C46B09E3057}.Debug|Any CPU.ActiveCfg = Debug|Any CPU
		{545E43B2-2E01-4CE2-9257-9C46B09E3057}.Debug|Any CPU.Build.0 = Debug|Any CPU
		{545E43B2-2E01-4CE2-9257-9C46B09E3057}.Release|Any CPU.ActiveCfg = Release|Any CPU
		{545E43B2-2E01-4CE2-9257-9C46B09E3057}.Release|Any CPU.Build.0 = Release|Any CPU
	EndGlobalSection
	GlobalSection(SolutionProperties) = preSolution
		HideSolutionNode = FALSE
	EndGlobalSection
	GlobalSection(ExtensibilityGlobals) = postSolution
		SolutionGuid = {A7876175-0285-4249-85F7-EA6142FAA071}
	EndGlobalSection
EndGlobal
