
Microsoft Visual Studio Solution File, Format Version 12.00
# Visual Studio Version 16
VisualStudioVersion = 16.0.29102.190
MinimumVisualStudioVersion = 10.0.40219.1
Project("{9A19103F-16F7-4668-BE54-9A1E7A4F7556}") = "JKang.EventSourcing.Abstractions", "JKang.EventSourcing.Abstractions\JKang.EventSourcing.Abstractions.csproj", "{A43C514F-B820-453C-B18A-BF5C2162CBD5}"
EndProject
Project("{9A19103F-16F7-4668-BE54-9A1E7A4F7556}") = "JKang.EventSourcing.Persistence.FileSystem", "JKang.EventSourcing.Persistence.FileSystem\JKang.EventSourcing.Persistence.FileSystem.csproj", "{6D98F447-6ACD-40D6-AB47-A7C113ECBC1A}"
EndProject
Project("{9A19103F-16F7-4668-BE54-9A1E7A4F7556}") = "JKang.EventSourcing", "JKang.EventSourcing\JKang.EventSourcing.csproj", "{F4C9B447-EF12-47AA-82FE-8EB0FA48DDDF}"
EndProject
Project("{2150E333-8FDC-42A3-9474-1A3956D46DE8}") = "Solution Items", "Solution Items", "{3CE8F82A-51A6-46BC-9A78-590642AA5242}"
	ProjectSection(SolutionItems) = preProject
		Directory.Build.props = Directory.Build.props
	EndProjectSection
EndProject
Project("{9A19103F-16F7-4668-BE54-9A1E7A4F7556}") = "JKang.EventSourcing.Persistence.EfCore", "JKang.EventSourcing.Persistence.EfCore\JKang.EventSourcing.Persistence.EfCore.csproj", "{5473865D-3737-4719-893B-9DD6A10E5A35}"
EndProject
Project("{9A19103F-16F7-4668-BE54-9A1E7A4F7556}") = "JKang.EventSourcing.Serialization.Json", "JKang.EventSourcing.Serialization.Json\JKang.EventSourcing.Serialization.Json.csproj", "{A6001267-1D62-4FAF-8B63-847E68C0FCD4}"
EndProject
Project("{9A19103F-16F7-4668-BE54-9A1E7A4F7556}") = "JKang.EventSourcing.Serialization.Json.Tests", "JKang.EventSourcing.Serialization.Json.Tests\JKang.EventSourcing.Serialization.Json.Tests.csproj", "{7D6D7350-E603-4E91-9D92-53D3BF4C3DBC}"
EndProject
Project("{9A19103F-16F7-4668-BE54-9A1E7A4F7556}") = "JKang.EventSourcing.Persistence.DynamoDB", "JKang.EventSourcing.Persistence.DynamoDB\JKang.EventSourcing.Persistence.DynamoDB.csproj", "{83906658-11ED-4097-AA85-3E3B7503E3BD}"
EndProject
Project("{FAE04EC0-301F-11D3-BF4B-00C04F79EFBC}") = "JKang.EventSourcing.Persistence.DynamoDB.Tests", "JKang.EventSourcing.Persistence.DynamoDB.Tests\JKang.EventSourcing.Persistence.DynamoDB.Tests.csproj", "{5BCAB08D-A4E5-4698-96A7-321A6625B7FC}"
EndProject
Project("{FAE04EC0-301F-11D3-BF4B-00C04F79EFBC}") = "JKang.EventSourcing.TestingFixtures", "JKang.EventSourcing.TestingFixtures\JKang.EventSourcing.TestingFixtures.csproj", "{DE78F4D8-22C3-46FC-B325-2CB12A88F976}"
EndProject
Project("{FAE04EC0-301F-11D3-BF4B-00C04F79EFBC}") = "JKang.EventSourcing.TestingWebApp", "JKang.EventSourcing.TestingWebApp\JKang.EventSourcing.TestingWebApp.csproj", "{08A1EB3B-A44D-4E13-A842-9528CBAE79ED}"
EndProject
Global
	GlobalSection(SolutionConfigurationPlatforms) = preSolution
		Debug|Any CPU = Debug|Any CPU
		Release|Any CPU = Release|Any CPU
	EndGlobalSection
	GlobalSection(ProjectConfigurationPlatforms) = postSolution
		{A43C514F-B820-453C-B18A-BF5C2162CBD5}.Debug|Any CPU.ActiveCfg = Debug|Any CPU
		{A43C514F-B820-453C-B18A-BF5C2162CBD5}.Debug|Any CPU.Build.0 = Debug|Any CPU
		{A43C514F-B820-453C-B18A-BF5C2162CBD5}.Release|Any CPU.ActiveCfg = Release|Any CPU
		{A43C514F-B820-453C-B18A-BF5C2162CBD5}.Release|Any CPU.Build.0 = Release|Any CPU
		{6D98F447-6ACD-40D6-AB47-A7C113ECBC1A}.Debug|Any CPU.ActiveCfg = Debug|Any CPU
		{6D98F447-6ACD-40D6-AB47-A7C113ECBC1A}.Debug|Any CPU.Build.0 = Debug|Any CPU
		{6D98F447-6ACD-40D6-AB47-A7C113ECBC1A}.Release|Any CPU.ActiveCfg = Release|Any CPU
		{6D98F447-6ACD-40D6-AB47-A7C113ECBC1A}.Release|Any CPU.Build.0 = Release|Any CPU
		{F4C9B447-EF12-47AA-82FE-8EB0FA48DDDF}.Debug|Any CPU.ActiveCfg = Debug|Any CPU
		{F4C9B447-EF12-47AA-82FE-8EB0FA48DDDF}.Debug|Any CPU.Build.0 = Debug|Any CPU
		{F4C9B447-EF12-47AA-82FE-8EB0FA48DDDF}.Release|Any CPU.ActiveCfg = Release|Any CPU
		{F4C9B447-EF12-47AA-82FE-8EB0FA48DDDF}.Release|Any CPU.Build.0 = Release|Any CPU
		{5473865D-3737-4719-893B-9DD6A10E5A35}.Debug|Any CPU.ActiveCfg = Debug|Any CPU
		{5473865D-3737-4719-893B-9DD6A10E5A35}.Debug|Any CPU.Build.0 = Debug|Any CPU
		{5473865D-3737-4719-893B-9DD6A10E5A35}.Release|Any CPU.ActiveCfg = Release|Any CPU
		{5473865D-3737-4719-893B-9DD6A10E5A35}.Release|Any CPU.Build.0 = Release|Any CPU
		{A6001267-1D62-4FAF-8B63-847E68C0FCD4}.Debug|Any CPU.ActiveCfg = Debug|Any CPU
		{A6001267-1D62-4FAF-8B63-847E68C0FCD4}.Debug|Any CPU.Build.0 = Debug|Any CPU
		{A6001267-1D62-4FAF-8B63-847E68C0FCD4}.Release|Any CPU.ActiveCfg = Release|Any CPU
		{A6001267-1D62-4FAF-8B63-847E68C0FCD4}.Release|Any CPU.Build.0 = Release|Any CPU
		{7D6D7350-E603-4E91-9D92-53D3BF4C3DBC}.Debug|Any CPU.ActiveCfg = Debug|Any CPU
		{7D6D7350-E603-4E91-9D92-53D3BF4C3DBC}.Debug|Any CPU.Build.0 = Debug|Any CPU
		{7D6D7350-E603-4E91-9D92-53D3BF4C3DBC}.Release|Any CPU.ActiveCfg = Release|Any CPU
		{7D6D7350-E603-4E91-9D92-53D3BF4C3DBC}.Release|Any CPU.Build.0 = Release|Any CPU
		{83906658-11ED-4097-AA85-3E3B7503E3BD}.Debug|Any CPU.ActiveCfg = Debug|Any CPU
		{83906658-11ED-4097-AA85-3E3B7503E3BD}.Debug|Any CPU.Build.0 = Debug|Any CPU
		{83906658-11ED-4097-AA85-3E3B7503E3BD}.Release|Any CPU.ActiveCfg = Release|Any CPU
		{83906658-11ED-4097-AA85-3E3B7503E3BD}.Release|Any CPU.Build.0 = Release|Any CPU
		{5BCAB08D-A4E5-4698-96A7-321A6625B7FC}.Debug|Any CPU.ActiveCfg = Debug|Any CPU
		{5BCAB08D-A4E5-4698-96A7-321A6625B7FC}.Debug|Any CPU.Build.0 = Debug|Any CPU
		{5BCAB08D-A4E5-4698-96A7-321A6625B7FC}.Release|Any CPU.ActiveCfg = Release|Any CPU
		{5BCAB08D-A4E5-4698-96A7-321A6625B7FC}.Release|Any CPU.Build.0 = Release|Any CPU
		{DE78F4D8-22C3-46FC-B325-2CB12A88F976}.Debug|Any CPU.ActiveCfg = Debug|Any CPU
		{DE78F4D8-22C3-46FC-B325-2CB12A88F976}.Debug|Any CPU.Build.0 = Debug|Any CPU
		{DE78F4D8-22C3-46FC-B325-2CB12A88F976}.Release|Any CPU.ActiveCfg = Release|Any CPU
		{DE78F4D8-22C3-46FC-B325-2CB12A88F976}.Release|Any CPU.Build.0 = Release|Any CPU
		{08A1EB3B-A44D-4E13-A842-9528CBAE79ED}.Debug|Any CPU.ActiveCfg = Debug|Any CPU
		{08A1EB3B-A44D-4E13-A842-9528CBAE79ED}.Debug|Any CPU.Build.0 = Debug|Any CPU
		{08A1EB3B-A44D-4E13-A842-9528CBAE79ED}.Release|Any CPU.ActiveCfg = Release|Any CPU
		{08A1EB3B-A44D-4E13-A842-9528CBAE79ED}.Release|Any CPU.Build.0 = Release|Any CPU
	EndGlobalSection
	GlobalSection(SolutionProperties) = preSolution
		HideSolutionNode = FALSE
	EndGlobalSection
	GlobalSection(ExtensibilityGlobals) = postSolution
		SolutionGuid = {E4CE6D6B-D967-402C-BDBE-0949B55C1F1B}
	EndGlobalSection
EndGlobal
